
Microsoft Visual Studio Solution File, Format Version 12.00
# Visual Studio Version 17
VisualStudioVersion = 17.0.31903.59
MinimumVisualStudioVersion = 10.0.40219.1
Project("{2150E333-8FDC-42A3-9474-1A3956D46DE8}") = "src", "src", "{827E0CD3-B72D-47B6-A68D-7590B98EB39B}"
EndProject
Project("{2150E333-8FDC-42A3-9474-1A3956D46DE8}") = "Shared", "Shared", "{C8E42992-5E42-0C2B-DBFE-AA848D06431C}"
EndProject
Project("{FAE04EC0-301F-11D3-BF4B-00C04F79EFBC}") = "EsignMico360.Shared", "src\Shared\EsignMico360.Shared.csproj", "{77027852-F4CC-4317-8873-C3047D49EE1A}"
EndProject
Project("{FAE04EC0-301F-11D3-BF4B-00C04F79EFBC}") = "EsignMico360.Sync", "src\Sync\EsignMico360.Sync.csproj", "{38140992-8AF8-4276-AC0E-010CB7FC6B81}"
EndProject
Project("{FAE04EC0-301F-11D3-BF4B-00C04F79EFBC}") = "EsignMico360.Server", "src\Server\EsignMico360.Server.csproj", "{D0DDEA97-D437-4FC6-BEE8-B14453E9A612}"
EndProject
Project("{FAE04EC0-301F-11D3-BF4B-00C04F79EFBC}") = "EsignMico360.Sync.Tests", "tests\Sync.Tests\EsignMico360.Sync.Tests.csproj", "{9B476BD1-6CF1-4C64-8EA3-8D1902CA3B9E}"
EndProject
Project("{2150E333-8FDC-42A3-9474-1A3956D46DE8}") = "Client", "Client", "{C5A3B5EA-BE9F-76E5-E9B8-8A22B289B295}"
EndProject
Project("{FAE04EC0-301F-11D3-BF4B-00C04F79EFBC}") = "EsignMico360.Client", "src\Client\EsignMico360.Client.csproj", "{7A2124BF-056D-4A1F-896A-86A493BF0E69}"
EndProject
Project("{2150E333-8FDC-42A3-9474-1A3956D46DE8}") = "Client.Maui", "Client.Maui", "{EC04A669-3DD6-DD26-C5C4-B44FBE01AD4B}"
EndProject
Project("{FAE04EC0-301F-11D3-BF4B-00C04F79EFBC}") = "EsignMico360.Client.Maui", "src\Client.Maui\EsignMico360.Client.Maui.csproj", "{958C4FE9-8F87-46FB-AE06-FD39F8A3B485}"
EndProject
Global
	GlobalSection(SolutionConfigurationPlatforms) = preSolution
		Debug|Any CPU = Debug|Any CPU
		Debug|x64 = Debug|x64
		Debug|x86 = Debug|x86
		Release|Any CPU = Release|Any CPU
		Release|x64 = Release|x64
		Release|x86 = Release|x86
	EndGlobalSection
	GlobalSection(ProjectConfigurationPlatforms) = postSolution
		{77027852-F4CC-4317-8873-C3047D49EE1A}.Debug|Any CPU.ActiveCfg = Debug|Any CPU
		{77027852-F4CC-4317-8873-C3047D49EE1A}.Debug|Any CPU.Build.0 = Debug|Any CPU
		{77027852-F4CC-4317-8873-C3047D49EE1A}.Debug|x64.ActiveCfg = Debug|Any CPU
		{77027852-F4CC-4317-8873-C3047D49EE1A}.Debug|x64.Build.0 = Debug|Any CPU
		{77027852-F4CC-4317-8873-C3047D49EE1A}.Debug|x86.ActiveCfg = Debug|Any CPU
		{77027852-F4CC-4317-8873-C3047D49EE1A}.Debug|x86.Build.0 = Debug|Any CPU
		{77027852-F4CC-4317-8873-C3047D49EE1A}.Release|Any CPU.ActiveCfg = Release|Any CPU
		{77027852-F4CC-4317-8873-C3047D49EE1A}.Release|Any CPU.Build.0 = Release|Any CPU
		{77027852-F4CC-4317-8873-C3047D49EE1A}.Release|x64.ActiveCfg = Release|Any CPU
		{77027852-F4CC-4317-8873-C3047D49EE1A}.Release|x64.Build.0 = Release|Any CPU
		{77027852-F4CC-4317-8873-C3047D49EE1A}.Release|x86.ActiveCfg = Release|Any CPU
		{77027852-F4CC-4317-8873-C3047D49EE1A}.Release|x86.Build.0 = Release|Any CPU
		{38140992-8AF8-4276-AC0E-010CB7FC6B81}.Debug|Any CPU.ActiveCfg = Debug|Any CPU
		{38140992-8AF8-4276-AC0E-010CB7FC6B81}.Debug|Any CPU.Build.0 = Debug|Any CPU
		{38140992-8AF8-4276-AC0E-010CB7FC6B81}.Debug|x64.ActiveCfg = Debug|Any CPU
		{38140992-8AF8-4276-AC0E-010CB7FC6B81}.Debug|x64.Build.0 = Debug|Any CPU
		{38140992-8AF8-4276-AC0E-010CB7FC6B81}.Debug|x86.ActiveCfg = Debug|Any CPU
		{38140992-8AF8-4276-AC0E-010CB7FC6B81}.Debug|x86.Build.0 = Debug|Any CPU
		{38140992-8AF8-4276-AC0E-010CB7FC6B81}.Release|Any CPU.ActiveCfg = Release|Any CPU
		{38140992-8AF8-4276-AC0E-010CB7FC6B81}.Release|Any CPU.Build.0 = Release|Any CPU
		{38140992-8AF8-4276-AC0E-010CB7FC6B81}.Release|x64.ActiveCfg = Release|Any CPU
		{38140992-8AF8-4276-AC0E-010CB7FC6B81}.Release|x64.Build.0 = Release|Any CPU
		{38140992-8AF8-4276-AC0E-010CB7FC6B81}.Release|x86.ActiveCfg = Release|Any CPU
		{38140992-8AF8-4276-AC0E-010CB7FC6B81}.Release|x86.Build.0 = Release|Any CPU
		{D0DDEA97-D437-4FC6-BEE8-B14453E9A612}.Debug|Any CPU.ActiveCfg = Debug|Any CPU
		{D0DDEA97-D437-4FC6-BEE8-B14453E9A612}.Debug|Any CPU.Build.0 = Debug|Any CPU
		{D0DDEA97-D437-4FC6-BEE8-B14453E9A612}.Debug|x64.ActiveCfg = Debug|Any CPU
		{D0DDEA97-D437-4FC6-BEE8-B14453E9A612}.Debug|x64.Build.0 = Debug|Any CPU
		{D0DDEA97-D437-4FC6-BEE8-B14453E9A612}.Debug|x86.ActiveCfg = Debug|Any CPU
		{D0DDEA97-D437-4FC6-BEE8-B14453E9A612}.Debug|x86.Build.0 = Debug|Any CPU
		{D0DDEA97-D437-4FC6-BEE8-B14453E9A612}.Release|Any CPU.ActiveCfg = Release|Any CPU
		{D0DDEA97-D437-4FC6-BEE8-B14453E9A612}.Release|Any CPU.Build.0 = Release|Any CPU
		{D0DDEA97-D437-4FC6-BEE8-B14453E9A612}.Release|x64.ActiveCfg = Release|Any CPU
		{D0DDEA97-D437-4FC6-BEE8-B14453E9A612}.Release|x64.Build.0 = Release|Any CPU
		{D0DDEA97-D437-4FC6-BEE8-B14453E9A612}.Release|x86.ActiveCfg = Release|Any CPU
		{D0DDEA97-D437-4FC6-BEE8-B14453E9A612}.Release|x86.Build.0 = Release|Any CPU
		{9B476BD1-6CF1-4C64-8EA3-8D1902CA3B9E}.Debug|Any CPU.ActiveCfg = Debug|Any CPU
		{9B476BD1-6CF1-4C64-8EA3-8D1902CA3B9E}.Debug|Any CPU.Build.0 = Debug|Any CPU
		{9B476BD1-6CF1-4C64-8EA3-8D1902CA3B9E}.Debug|x64.ActiveCfg = Debug|Any CPU
		{9B476BD1-6CF1-4C64-8EA3-8D1902CA3B9E}.Debug|x64.Build.0 = Debug|Any CPU
		{9B476BD1-6CF1-4C64-8EA3-8D1902CA3B9E}.Debug|x86.ActiveCfg = Debug|Any CPU
		{9B476BD1-6CF1-4C64-8EA3-8D1902CA3B9E}.Debug|x86.Build.0 = Debug|Any CPU
		{9B476BD1-6CF1-4C64-8EA3-8D1902CA3B9E}.Release|Any CPU.ActiveCfg = Release|Any CPU
		{9B476BD1-6CF1-4C64-8EA3-8D1902CA3B9E}.Release|Any CPU.Build.0 = Release|Any CPU
		{9B476BD1-6CF1-4C64-8EA3-8D1902CA3B9E}.Release|x64.ActiveCfg = Release|Any CPU
		{9B476BD1-6CF1-4C64-8EA3-8D1902CA3B9E}.Release|x64.Build.0 = Release|Any CPU
		{9B476BD1-6CF1-4C64-8EA3-8D1902CA3B9E}.Release|x86.ActiveCfg = Release|Any CPU
		{9B476BD1-6CF1-4C64-8EA3-8D1902CA3B9E}.Release|x86.Build.0 = Release|Any CPU
		{7A2124BF-056D-4A1F-896A-86A493BF0E69}.Debug|Any CPU.ActiveCfg = Debug|Any CPU
		{7A2124BF-056D-4A1F-896A-86A493BF0E69}.Debug|Any CPU.Build.0 = Debug|Any CPU
		{7A2124BF-056D-4A1F-896A-86A493BF0E69}.Debug|x64.ActiveCfg = Debug|Any CPU
		{7A2124BF-056D-4A1F-896A-86A493BF0E69}.Debug|x64.Build.0 = Debug|Any CPU
		{7A2124BF-056D-4A1F-896A-86A493BF0E69}.Debug|x86.ActiveCfg = Debug|Any CPU
		{7A2124BF-056D-4A1F-896A-86A493BF0E69}.Debug|x86.Build.0 = Debug|Any CPU
		{7A2124BF-056D-4A1F-896A-86A493BF0E69}.Release|Any CPU.ActiveCfg = Release|Any CPU
		{7A2124BF-056D-4A1F-896A-86A493BF0E69}.Release|Any CPU.Build.0 = Release|Any CPU
		{7A2124BF-056D-4A1F-896A-86A493BF0E69}.Release|x64.ActiveCfg = Release|Any CPU
		{7A2124BF-056D-4A1F-896A-86A493BF0E69}.Release|x64.Build.0 = Release|Any CPU
		{7A2124BF-056D-4A1F-896A-86A493BF0E69}.Release|x86.ActiveCfg = Release|Any CPU
		{7A2124BF-056D-4A1F-896A-86A493BF0E69}.Release|x86.Build.0 = Release|Any CPU
		{958C4FE9-8F87-46FB-AE06-FD39F8A3B485}.Debug|Any CPU.ActiveCfg = Debug|Any CPU
		{958C4FE9-8F87-46FB-AE06-FD39F8A3B485}.Debug|Any CPU.Build.0 = Debug|Any CPU
		{958C4FE9-8F87-46FB-AE06-FD39F8A3B485}.Debug|x64.ActiveCfg = Debug|Any CPU
		{958C4FE9-8F87-46FB-AE06-FD39F8A3B485}.Debug|x64.Build.0 = Debug|Any CPU
		{958C4FE9-8F87-46FB-AE06-FD39F8A3B485}.Debug|x86.ActiveCfg = Debug|Any CPU
		{958C4FE9-8F87-46FB-AE06-FD39F8A3B485}.Debug|x86.Build.0 = Debug|Any CPU
		{958C4FE9-8F87-46FB-AE06-FD39F8A3B485}.Release|Any CPU.ActiveCfg = Release|Any CPU
		{958C4FE9-8F87-46FB-AE06-FD39F8A3B485}.Release|Any CPU.Build.0 = Release|Any CPU
		{958C4FE9-8F87-46FB-AE06-FD39F8A3B485}.Release|x64.ActiveCfg = Release|Any CPU
		{958C4FE9-8F87-46FB-AE06-FD39F8A3B485}.Release|x64.Build.0 = Release|Any CPU
		{958C4FE9-8F87-46FB-AE06-FD39F8A3B485}.Release|x86.ActiveCfg = Release|Any CPU
		{958C4FE9-8F87-46FB-AE06-FD39F8A3B485}.Release|x86.Build.0 = Release|Any CPU
	EndGlobalSection
	GlobalSection(SolutionProperties) = preSolution
		HideSolutionNode = FALSE
	EndGlobalSection
	GlobalSection(NestedProjects) = preSolution
		{C8E42992-5E42-0C2B-DBFE-AA848D06431C} = {827E0CD3-B72D-47B6-A68D-7590B98EB39B}
		{77027852-F4CC-4317-8873-C3047D49EE1A} = {C8E42992-5E42-0C2B-DBFE-AA848D06431C}
		{38140992-8AF8-4276-AC0E-010CB7FC6B81} = {C8E42992-5E42-0C2B-DBFE-AA848D06431C}
		{D0DDEA97-D437-4FC6-BEE8-B14453E9A612} = {C8E42992-5E42-0C2B-DBFE-AA848D06431C}
		{9B476BD1-6CF1-4C64-8EA3-8D1902CA3B9E} = {C8E42992-5E42-0C2B-DBFE-AA848D06431C}
		{C5A3B5EA-BE9F-76E5-E9B8-8A22B289B295} = {827E0CD3-B72D-47B6-A68D-7590B98EB39B}
		{7A2124BF-056D-4A1F-896A-86A493BF0E69} = {C5A3B5EA-BE9F-76E5-E9B8-8A22B289B295}
		{EC04A669-3DD6-DD26-C5C4-B44FBE01AD4B} = {827E0CD3-B72D-47B6-A68D-7590B98EB39B}
		{958C4FE9-8F87-46FB-AE06-FD39F8A3B485} = {EC04A669-3DD6-DD26-C5C4-B44FBE01AD4B}
	EndGlobalSection
EndGlobal
